
Microsoft Visual Studio Solution File, Format Version 12.00
# Visual Studio Version 17
VisualStudioVersion = 17.4.33122.133
MinimumVisualStudioVersion = 10.0.40219.1
Project("{2150E333-8FDC-42A3-9474-1A3956D46DE8}") = "Notifications", "Notifications", "{D0CFA81A-DAD0-40EB-A07C-A8E22226F7CC}"
EndProject
Project("{9A19103F-16F7-4668-BE54-9A1E7A4F7556}") = "Beth.Notifications.Domain", "Services\Notifications\Beth.Notifications.Domain\Beth.Notifications.Domain.csproj", "{A3E75417-63C3-4879-8DEA-C178574FE722}"
EndProject
Project("{9A19103F-16F7-4668-BE54-9A1E7A4F7556}") = "Beth.Notifications.Application", "Services\Notifications\Beth.Notifications.Application\Beth.Notifications.Application.csproj", "{65ACF883-E59E-450E-8A8D-50E17AD3ACE0}"
EndProject
Project("{9A19103F-16F7-4668-BE54-9A1E7A4F7556}") = "Beth.Notifications.Infrastructure", "Services\Notifications\Beth.Notifications.Infrastructure\Beth.Notifications.Infrastructure.csproj", "{453D7034-C172-4A87-8E80-59D1DE46AD70}"
EndProject
Project("{9A19103F-16F7-4668-BE54-9A1E7A4F7556}") = "Beth.Notifications.ServiceConsole", "Services\Notifications\Beth.Notifications.ServiceConsole\Beth.Notifications.ServiceConsole.csproj", "{1B69BD18-B703-4B99-9FAA-C940A0224099}"
EndProject
Project("{2150E333-8FDC-42A3-9474-1A3956D46DE8}") = "src", "src", "{C3D036AE-B9E8-4DCF-B3C6-72E497B9E4B4}"
EndProject
Project("{2150E333-8FDC-42A3-9474-1A3956D46DE8}") = "Services", "Services", "{C6BD5952-5DB3-4F4E-B50D-BF2FCB5526FA}"
EndProject
Project("{2150E333-8FDC-42A3-9474-1A3956D46DE8}") = "Identity", "Identity", "{81D088D1-53C6-46C4-A0A2-45DAAB45808A}"
EndProject
Project("{9A19103F-16F7-4668-BE54-9A1E7A4F7556}") = "Beth.Identity.Domain", "Services\Identity\Beth.Identity.Domain\Beth.Identity.Domain.csproj", "{D8CA94CD-1279-4301-9162-B98EF78337C5}"
EndProject
Project("{2150E333-8FDC-42A3-9474-1A3956D46DE8}") = "tests", "tests", "{A5DB0429-68A0-4C37-8026-600057AE82E2}"
EndProject
Project("{9A19103F-16F7-4668-BE54-9A1E7A4F7556}") = "Beth.Identity.UnitTests", "Services\Identity\Beth.Identity.UnitTests\Beth.Identity.UnitTests.csproj", "{E0B9211E-8F33-4D2C-89C2-E1CC9C24A63D}"
EndProject
Project("{9A19103F-16F7-4668-BE54-9A1E7A4F7556}") = "Beth.Identity.Api", "Services\Identity\Beth.Identity.Api\Beth.Identity.Api.csproj", "{D2AD170F-9A29-49A8-84C4-B497FCA9D032}"
EndProject
Project("{9A19103F-16F7-4668-BE54-9A1E7A4F7556}") = "Beth.Identity.Infrastructure", "Services\Identity\Beth.Identity.Infrastructure\Beth.Identity.Infrastructure.csproj", "{B82F9DBD-A404-464E-B1DA-EE5D2B99BCB5}"
EndProject
Project("{E53339B2-1760-4266-BCC7-CA923CBCF16C}") = "docker-compose", "docker-compose.dcproj", "{5CD266B3-F2CB-4CE0-92DF-29812D67C128}"
EndProject
Project("{9A19103F-16F7-4668-BE54-9A1E7A4F7556}") = "Beth.Catalog.Api", "Services\Catalog\Beth.Catalog.Api\Beth.Catalog.Api.csproj", "{FA81FA8D-893D-427C-A9EE-8CFD4EDB98DA}"
EndProject
Project("{2150E333-8FDC-42A3-9474-1A3956D46DE8}") = "Catalog", "Catalog", "{416F089E-7525-4669-939B-66B9806DE6FD}"
EndProject
Project("{2150E333-8FDC-42A3-9474-1A3956D46DE8}") = "SharedKernel", "SharedKernel", "{DD42E8B3-D0F2-409B-B8BC-C96C979530B5}"
EndProject
Project("{9A19103F-16F7-4668-BE54-9A1E7A4F7556}") = "Beth.SharedKernel.EventBus", "SharedKernel\Beth.SharedKernel.EventBus\Beth.SharedKernel.EventBus.csproj", "{69117206-D761-4334-94E5-784BCFDD637E}"
EndProject
Project("{9A19103F-16F7-4668-BE54-9A1E7A4F7556}") = "Beth.SharedKernel.EventBus.RabbitMQ", "SharedKernel\Beth.SharedKernel.EventBusRabbitMQ\Beth.SharedKernel.EventBus.RabbitMQ.csproj", "{39BD0ECE-C55F-43E9-BE8E-1CC26174CF4C}"
EndProject
Global
	GlobalSection(SolutionConfigurationPlatforms) = preSolution
		Debug|Any CPU = Debug|Any CPU
		Release|Any CPU = Release|Any CPU
	EndGlobalSection
	GlobalSection(ProjectConfigurationPlatforms) = postSolution
		{A3E75417-63C3-4879-8DEA-C178574FE722}.Debug|Any CPU.ActiveCfg = Debug|Any CPU
		{A3E75417-63C3-4879-8DEA-C178574FE722}.Debug|Any CPU.Build.0 = Debug|Any CPU
		{A3E75417-63C3-4879-8DEA-C178574FE722}.Release|Any CPU.ActiveCfg = Release|Any CPU
		{A3E75417-63C3-4879-8DEA-C178574FE722}.Release|Any CPU.Build.0 = Release|Any CPU
		{65ACF883-E59E-450E-8A8D-50E17AD3ACE0}.Debug|Any CPU.ActiveCfg = Debug|Any CPU
		{65ACF883-E59E-450E-8A8D-50E17AD3ACE0}.Debug|Any CPU.Build.0 = Debug|Any CPU
		{65ACF883-E59E-450E-8A8D-50E17AD3ACE0}.Release|Any CPU.ActiveCfg = Release|Any CPU
		{65ACF883-E59E-450E-8A8D-50E17AD3ACE0}.Release|Any CPU.Build.0 = Release|Any CPU
		{453D7034-C172-4A87-8E80-59D1DE46AD70}.Debug|Any CPU.ActiveCfg = Debug|Any CPU
		{453D7034-C172-4A87-8E80-59D1DE46AD70}.Debug|Any CPU.Build.0 = Debug|Any CPU
		{453D7034-C172-4A87-8E80-59D1DE46AD70}.Release|Any CPU.ActiveCfg = Release|Any CPU
		{453D7034-C172-4A87-8E80-59D1DE46AD70}.Release|Any CPU.Build.0 = Release|Any CPU
		{1B69BD18-B703-4B99-9FAA-C940A0224099}.Debug|Any CPU.ActiveCfg = Debug|Any CPU
		{1B69BD18-B703-4B99-9FAA-C940A0224099}.Debug|Any CPU.Build.0 = Debug|Any CPU
		{1B69BD18-B703-4B99-9FAA-C940A0224099}.Release|Any CPU.ActiveCfg = Release|Any CPU
		{1B69BD18-B703-4B99-9FAA-C940A0224099}.Release|Any CPU.Build.0 = Release|Any CPU
		{D8CA94CD-1279-4301-9162-B98EF78337C5}.Debug|Any CPU.ActiveCfg = Debug|Any CPU
		{D8CA94CD-1279-4301-9162-B98EF78337C5}.Debug|Any CPU.Build.0 = Debug|Any CPU
		{D8CA94CD-1279-4301-9162-B98EF78337C5}.Release|Any CPU.ActiveCfg = Release|Any CPU
		{D8CA94CD-1279-4301-9162-B98EF78337C5}.Release|Any CPU.Build.0 = Release|Any CPU
		{E0B9211E-8F33-4D2C-89C2-E1CC9C24A63D}.Debug|Any CPU.ActiveCfg = Debug|Any CPU
		{E0B9211E-8F33-4D2C-89C2-E1CC9C24A63D}.Debug|Any CPU.Build.0 = Debug|Any CPU
		{E0B9211E-8F33-4D2C-89C2-E1CC9C24A63D}.Release|Any CPU.ActiveCfg = Release|Any CPU
		{E0B9211E-8F33-4D2C-89C2-E1CC9C24A63D}.Release|Any CPU.Build.0 = Release|Any CPU
		{D2AD170F-9A29-49A8-84C4-B497FCA9D032}.Debug|Any CPU.ActiveCfg = Debug|Any CPU
		{D2AD170F-9A29-49A8-84C4-B497FCA9D032}.Debug|Any CPU.Build.0 = Debug|Any CPU
		{D2AD170F-9A29-49A8-84C4-B497FCA9D032}.Release|Any CPU.ActiveCfg = Release|Any CPU
		{D2AD170F-9A29-49A8-84C4-B497FCA9D032}.Release|Any CPU.Build.0 = Release|Any CPU
		{B82F9DBD-A404-464E-B1DA-EE5D2B99BCB5}.Debug|Any CPU.ActiveCfg = Debug|Any CPU
		{B82F9DBD-A404-464E-B1DA-EE5D2B99BCB5}.Debug|Any CPU.Build.0 = Debug|Any CPU
		{B82F9DBD-A404-464E-B1DA-EE5D2B99BCB5}.Release|Any CPU.ActiveCfg = Release|Any CPU
		{B82F9DBD-A404-464E-B1DA-EE5D2B99BCB5}.Release|Any CPU.Build.0 = Release|Any CPU
		{5CD266B3-F2CB-4CE0-92DF-29812D67C128}.Debug|Any CPU.ActiveCfg = Debug|Any CPU
		{5CD266B3-F2CB-4CE0-92DF-29812D67C128}.Debug|Any CPU.Build.0 = Debug|Any CPU
		{5CD266B3-F2CB-4CE0-92DF-29812D67C128}.Release|Any CPU.ActiveCfg = Release|Any CPU
		{5CD266B3-F2CB-4CE0-92DF-29812D67C128}.Release|Any CPU.Build.0 = Release|Any CPU
		{FA81FA8D-893D-427C-A9EE-8CFD4EDB98DA}.Debug|Any CPU.ActiveCfg = Debug|Any CPU
		{FA81FA8D-893D-427C-A9EE-8CFD4EDB98DA}.Debug|Any CPU.Build.0 = Debug|Any CPU
		{FA81FA8D-893D-427C-A9EE-8CFD4EDB98DA}.Release|Any CPU.ActiveCfg = Release|Any CPU
		{FA81FA8D-893D-427C-A9EE-8CFD4EDB98DA}.Release|Any CPU.Build.0 = Release|Any CPU
		{69117206-D761-4334-94E5-784BCFDD637E}.Debug|Any CPU.ActiveCfg = Debug|Any CPU
		{69117206-D761-4334-94E5-784BCFDD637E}.Debug|Any CPU.Build.0 = Debug|Any CPU
		{69117206-D761-4334-94E5-784BCFDD637E}.Release|Any CPU.ActiveCfg = Release|Any CPU
		{69117206-D761-4334-94E5-784BCFDD637E}.Release|Any CPU.Build.0 = Release|Any CPU
		{39BD0ECE-C55F-43E9-BE8E-1CC26174CF4C}.Debug|Any CPU.ActiveCfg = Debug|Any CPU
		{39BD0ECE-C55F-43E9-BE8E-1CC26174CF4C}.Debug|Any CPU.Build.0 = Debug|Any CPU
		{39BD0ECE-C55F-43E9-BE8E-1CC26174CF4C}.Release|Any CPU.ActiveCfg = Release|Any CPU
		{39BD0ECE-C55F-43E9-BE8E-1CC26174CF4C}.Release|Any CPU.Build.0 = Release|Any CPU
	EndGlobalSection
	GlobalSection(SolutionProperties) = preSolution
		HideSolutionNode = FALSE
	EndGlobalSection
	GlobalSection(NestedProjects) = preSolution
		{D0CFA81A-DAD0-40EB-A07C-A8E22226F7CC} = {C6BD5952-5DB3-4F4E-B50D-BF2FCB5526FA}
		{A3E75417-63C3-4879-8DEA-C178574FE722} = {D0CFA81A-DAD0-40EB-A07C-A8E22226F7CC}
		{65ACF883-E59E-450E-8A8D-50E17AD3ACE0} = {D0CFA81A-DAD0-40EB-A07C-A8E22226F7CC}
		{453D7034-C172-4A87-8E80-59D1DE46AD70} = {D0CFA81A-DAD0-40EB-A07C-A8E22226F7CC}
		{1B69BD18-B703-4B99-9FAA-C940A0224099} = {D0CFA81A-DAD0-40EB-A07C-A8E22226F7CC}
		{C6BD5952-5DB3-4F4E-B50D-BF2FCB5526FA} = {C3D036AE-B9E8-4DCF-B3C6-72E497B9E4B4}
		{81D088D1-53C6-46C4-A0A2-45DAAB45808A} = {C6BD5952-5DB3-4F4E-B50D-BF2FCB5526FA}
		{D8CA94CD-1279-4301-9162-B98EF78337C5} = {81D088D1-53C6-46C4-A0A2-45DAAB45808A}
		{A5DB0429-68A0-4C37-8026-600057AE82E2} = {81D088D1-53C6-46C4-A0A2-45DAAB45808A}
		{E0B9211E-8F33-4D2C-89C2-E1CC9C24A63D} = {A5DB0429-68A0-4C37-8026-600057AE82E2}
		{D2AD170F-9A29-49A8-84C4-B497FCA9D032} = {81D088D1-53C6-46C4-A0A2-45DAAB45808A}
		{B82F9DBD-A404-464E-B1DA-EE5D2B99BCB5} = {81D088D1-53C6-46C4-A0A2-45DAAB45808A}
		{FA81FA8D-893D-427C-A9EE-8CFD4EDB98DA} = {416F089E-7525-4669-939B-66B9806DE6FD}
		{416F089E-7525-4669-939B-66B9806DE6FD} = {C6BD5952-5DB3-4F4E-B50D-BF2FCB5526FA}
		{DD42E8B3-D0F2-409B-B8BC-C96C979530B5} = {C3D036AE-B9E8-4DCF-B3C6-72E497B9E4B4}
		{69117206-D761-4334-94E5-784BCFDD637E} = {DD42E8B3-D0F2-409B-B8BC-C96C979530B5}
		{39BD0ECE-C55F-43E9-BE8E-1CC26174CF4C} = {DD42E8B3-D0F2-409B-B8BC-C96C979530B5}
	EndGlobalSection
	GlobalSection(ExtensibilityGlobals) = postSolution
		SolutionGuid = {9926FB10-D245-4002-8707-AE2D4F48CDCB}
	EndGlobalSection
EndGlobal
